
Microsoft Visual Studio Solution File, Format Version 12.00
# Visual Studio Version 16
VisualStudioVersion = 16.0.30907.101
MinimumVisualStudioVersion = 10.0.40219.1
Project("{9A19103F-16F7-4668-BE54-9A1E7A4F7556}") = "DataAccess", "DataAccess\DataAccess.csproj", "{99D9C2B8-92A7-43BA-AB4C-6B3F81128D74}"
EndProject
Project("{9A19103F-16F7-4668-BE54-9A1E7A4F7556}") = "Business", "Business\Business.csproj", "{99497404-2B4C-45D8-9FC8-D20D80F0CF77}"
EndProject
Project("{9A19103F-16F7-4668-BE54-9A1E7A4F7556}") = "Entities", "Entities\Entities.csproj", "{A6A13675-E652-4FE0-940D-7D9AC19F326A}"
EndProject
Project("{9A19103F-16F7-4668-BE54-9A1E7A4F7556}") = "ConsoleUI", "ConsoleUI\ConsoleUI.csproj", "{EA0930AD-6BDF-464A-B49B-CA2F75EDB456}"
EndProject
Project("{FAE04EC0-301F-11D3-BF4B-00C04F79EFBC}") = "Core", "Core\Core.csproj", "{25FD1A43-EA7C-46A7-AE59-E27796BC5C44}"
EndProject
Global
	GlobalSection(SolutionConfigurationPlatforms) = preSolution
		Debug|Any CPU = Debug|Any CPU
		Release|Any CPU = Release|Any CPU
	EndGlobalSection
	GlobalSection(ProjectConfigurationPlatforms) = postSolution
		{99D9C2B8-92A7-43BA-AB4C-6B3F81128D74}.Debug|Any CPU.ActiveCfg = Debug|Any CPU
		{99D9C2B8-92A7-43BA-AB4C-6B3F81128D74}.Debug|Any CPU.Build.0 = Debug|Any CPU
		{99D9C2B8-92A7-43BA-AB4C-6B3F81128D74}.Release|Any CPU.ActiveCfg = Release|Any CPU
		{99D9C2B8-92A7-43BA-AB4C-6B3F81128D74}.Release|Any CPU.Build.0 = Release|Any CPU
		{99497404-2B4C-45D8-9FC8-D20D80F0CF77}.Debug|Any CPU.ActiveCfg = Debug|Any CPU
		{99497404-2B4C-45D8-9FC8-D20D80F0CF77}.Debug|Any CPU.Build.0 = Debug|Any CPU
		{99497404-2B4C-45D8-9FC8-D20D80F0CF77}.Release|Any CPU.ActiveCfg = Release|Any CPU
		{99497404-2B4C-45D8-9FC8-D20D80F0CF77}.Release|Any CPU.Build.0 = Release|Any CPU
		{A6A13675-E652-4FE0-940D-7D9AC19F326A}.Debug|Any CPU.ActiveCfg = Debug|Any CPU
		{A6A13675-E652-4FE0-940D-7D9AC19F326A}.Debug|Any CPU.Build.0 = Debug|Any CPU
		{A6A13675-E652-4FE0-940D-7D9AC19F326A}.Release|Any CPU.ActiveCfg = Release|Any CPU
		{A6A13675-E652-4FE0-940D-7D9AC19F326A}.Release|Any CPU.Build.0 = Release|Any CPU
		{EA0930AD-6BDF-464A-B49B-CA2F75EDB456}.Debug|Any CPU.ActiveCfg = Debug|Any CPU
		{EA0930AD-6BDF-464A-B49B-CA2F75EDB456}.Debug|Any CPU.Build.0 = Debug|Any CPU
		{EA0930AD-6BDF-464A-B49B-CA2F75EDB456}.Release|Any CPU.ActiveCfg = Release|Any CPU
		{EA0930AD-6BDF-464A-B49B-CA2F75EDB456}.Release|Any CPU.Build.0 = Release|Any CPU
		{25FD1A43-EA7C-46A7-AE59-E27796BC5C44}.Debug|Any CPU.ActiveCfg = Debug|Any CPU
		{25FD1A43-EA7C-46A7-AE59-E27796BC5C44}.Debug|Any CPU.Build.0 = Debug|Any CPU
		{25FD1A43-EA7C-46A7-AE59-E27796BC5C44}.Release|Any CPU.ActiveCfg = Release|Any CPU
		{25FD1A43-EA7C-46A7-AE59-E27796BC5C44}.Release|Any CPU.Build.0 = Release|Any CPU
	EndGlobalSection
	GlobalSection(SolutionProperties) = preSolution
		HideSolutionNode = FALSE
	EndGlobalSection
	GlobalSection(ExtensibilityGlobals) = postSolution
		SolutionGuid = {877D8D6F-E037-4445-9E1B-6AAA22A0FDC3}
	EndGlobalSection
EndGlobal
